
Microsoft Visual Studio Solution File, Format Version 11.00
# Visual Studio 2010
Project("{2150E333-8FDC-42A3-9474-1A3956D46DE8}") = "Source", "Source", "{B8950F29-3135-4B5A-91EF-69780D7B5CBC}"
EndProject
Project("{FAE04EC0-301F-11D3-BF4B-00C04F79EFBC}") = "MasterServer", "Master\MasterServer.csproj", "{F7A95570-A6B5-4C5C-A7CE-3659662C1E4B}"
EndProject
Project("{FAE04EC0-301F-11D3-BF4B-00C04F79EFBC}") = "Spike_HttpServer", "Spike_HttpServer\Spike_HttpServer.csproj", "{A1FD5544-40E2-4B96-868B-CAA3781C6EA9}"
EndProject
Project("{FAE04EC0-301F-11D3-BF4B-00C04F79EFBC}") = "Spike_HttpClient", "Spike_HttpClient\Spike_HttpClient.csproj", "{D7DAE476-8A28-4D49-9B7D-F082D50E988D}"
EndProject
Global
	GlobalSection(SolutionConfigurationPlatforms) = preSolution
		Debug|x86 = Debug|x86
		Release|x86 = Release|x86
	EndGlobalSection
	GlobalSection(ProjectConfigurationPlatforms) = postSolution
		{F7A95570-A6B5-4C5C-A7CE-3659662C1E4B}.Debug|x86.ActiveCfg = Debug|x86
		{F7A95570-A6B5-4C5C-A7CE-3659662C1E4B}.Debug|x86.Build.0 = Debug|x86
		{F7A95570-A6B5-4C5C-A7CE-3659662C1E4B}.Release|x86.ActiveCfg = Release|x86
		{F7A95570-A6B5-4C5C-A7CE-3659662C1E4B}.Release|x86.Build.0 = Release|x86
		{A1FD5544-40E2-4B96-868B-CAA3781C6EA9}.Debug|x86.ActiveCfg = Debug|x86
		{A1FD5544-40E2-4B96-868B-CAA3781C6EA9}.Debug|x86.Build.0 = Debug|x86
		{A1FD5544-40E2-4B96-868B-CAA3781C6EA9}.Release|x86.ActiveCfg = Release|x86
		{A1FD5544-40E2-4B96-868B-CAA3781C6EA9}.Release|x86.Build.0 = Release|x86
		{D7DAE476-8A28-4D49-9B7D-F082D50E988D}.Debug|x86.ActiveCfg = Debug|x86
		{D7DAE476-8A28-4D49-9B7D-F082D50E988D}.Debug|x86.Build.0 = Debug|x86
		{D7DAE476-8A28-4D49-9B7D-F082D50E988D}.Release|x86.ActiveCfg = Release|x86
		{D7DAE476-8A28-4D49-9B7D-F082D50E988D}.Release|x86.Build.0 = Release|x86
	EndGlobalSection
	GlobalSection(SolutionProperties) = preSolution
		HideSolutionNode = FALSE
	EndGlobalSection
	GlobalSection(NestedProjects) = preSolution
		{F7A95570-A6B5-4C5C-A7CE-3659662C1E4B} = {B8950F29-3135-4B5A-91EF-69780D7B5CBC}
		{A1FD5544-40E2-4B96-868B-CAA3781C6EA9} = {B8950F29-3135-4B5A-91EF-69780D7B5CBC}
		{D7DAE476-8A28-4D49-9B7D-F082D50E988D} = {B8950F29-3135-4B5A-91EF-69780D7B5CBC}
	EndGlobalSection
EndGlobal
